
Microsoft Visual Studio Solution File, Format Version 12.00
# Visual Studio 14
VisualStudioVersion = 14.0.25420.1
MinimumVisualStudioVersion = 10.0.40219.1
Project("{FAE04EC0-301F-11D3-BF4B-00C04F79EFBC}") = "LyrondMvc", "LyroundMvc\LyrondMvc.csproj", "{F4F5FB9B-C868-4B20-8BE8-23FE4BE3ACE3}"
EndProject
Global
	GlobalSection(SolutionConfigurationPlatforms) = preSolution
		Debug|Any CPU = Debug|Any CPU
		Release|Any CPU = Release|Any CPU
	EndGlobalSection
	GlobalSection(ProjectConfigurationPlatforms) = postSolution
		{F4F5FB9B-C868-4B20-8BE8-23FE4BE3ACE3}.Debug|Any CPU.ActiveCfg = Debug|Any CPU
		{F4F5FB9B-C868-4B20-8BE8-23FE4BE3ACE3}.Debug|Any CPU.Build.0 = Debug|Any CPU
		{F4F5FB9B-C868-4B20-8BE8-23FE4BE3ACE3}.Release|Any CPU.ActiveCfg = Release|Any CPU
		{F4F5FB9B-C868-4B20-8BE8-23FE4BE3ACE3}.Release|Any CPU.Build.0 = Release|Any CPU
	EndGlobalSection
	GlobalSection(SolutionProperties) = preSolution
		HideSolutionNode = FALSE
	EndGlobalSection
EndGlobal
